
Microsoft Visual Studio Solution File, Format Version 12.00
# Visual Studio Version 17
VisualStudioVersion = 17.5.33424.131
MinimumVisualStudioVersion = 10.0.40219.1
Project("{9A19103F-16F7-4668-BE54-9A1E7A4F7556}") = "SemesterProject", "SemesterProject\SemesterProject.csproj", "{558B214F-6B50-40F3-9D84-2FB4B6D6F9D1}"
EndProject
Project("{FAE04EC0-301F-11D3-BF4B-00C04F79EFBC}") = "SemesterProject.Test", "SemesterProject.Test\SemesterProject.Test.csproj", "{C3CFCCED-AD72-4A04-A116-85A3BC9D9E77}"
EndProject
Global
	GlobalSection(SolutionConfigurationPlatforms) = preSolution
		Debug|Any CPU = Debug|Any CPU
		Release|Any CPU = Release|Any CPU
	EndGlobalSection
	GlobalSection(ProjectConfigurationPlatforms) = postSolution
		{558B214F-6B50-40F3-9D84-2FB4B6D6F9D1}.Debug|Any CPU.ActiveCfg = Debug|Any CPU
		{558B214F-6B50-40F3-9D84-2FB4B6D6F9D1}.Debug|Any CPU.Build.0 = Debug|Any CPU
		{558B214F-6B50-40F3-9D84-2FB4B6D6F9D1}.Release|Any CPU.ActiveCfg = Release|Any CPU
		{558B214F-6B50-40F3-9D84-2FB4B6D6F9D1}.Release|Any CPU.Build.0 = Release|Any CPU
		{C3CFCCED-AD72-4A04-A116-85A3BC9D9E77}.Debug|Any CPU.ActiveCfg = Debug|Any CPU
		{C3CFCCED-AD72-4A04-A116-85A3BC9D9E77}.Debug|Any CPU.Build.0 = Debug|Any CPU
		{C3CFCCED-AD72-4A04-A116-85A3BC9D9E77}.Release|Any CPU.ActiveCfg = Release|Any CPU
		{C3CFCCED-AD72-4A04-A116-85A3BC9D9E77}.Release|Any CPU.Build.0 = Release|Any CPU
	EndGlobalSection
	GlobalSection(SolutionProperties) = preSolution
		HideSolutionNode = FALSE
	EndGlobalSection
	GlobalSection(ExtensibilityGlobals) = postSolution
		SolutionGuid = {FB8DA56C-02C6-4DF3-B3F8-AC7EB8A09054}
	EndGlobalSection
EndGlobal
